// !$*UTF8*$!
{
	archiveVersion = 1;
	classes = {
	};
	objectVersion = 50;
	objects = {

/* Begin PBXBuildFile section */
		2D4AE2DD21F317380055F2ED /* Info.plist in Resources */ = {isa = PBXBuildFile; fileRef = 2D4AE2DC21F317380055F2ED /* Info.plist */; };
		2D4AE2E521F31CB10055F2ED /* CZCar.m in Sources */ = {isa = PBXBuildFile; fileRef = 2D4AE2DF21F31CAF0055F2ED /* CZCar.m */; };
		2D4AE2E721F31CB10055F2ED /* CYGroup.m in Sources */ = {isa = PBXBuildFile; fileRef = 2D4AE2E421F31CB10055F2ED /* CYGroup.m */; };
		2D4AE2E921F31CE60055F2ED /* car.plist in Resources */ = {isa = PBXBuildFile; fileRef = 2D4AE2E821F31CE60055F2ED /* car.plist */; };
		2D4AE2EB21F31D160055F2ED /* main.m in Sources */ = {isa = PBXBuildFile; fileRef = 2D4AE2EA21F31D160055F2ED /* main.m */; };
		2D4AE2ED21F31D6E0055F2ED /* Assets.xcassets in Resources */ = {isa = PBXBuildFile; fileRef = 2D4AE2EC21F31D6E0055F2ED /* Assets.xcassets */; };
		2D4AE2F021F31DCA0055F2ED /* ViewController.m in Sources */ = {isa = PBXBuildFile; fileRef = 2D4AE2EF21F31DCA0055F2ED /* ViewController.m */; };
		2D4AE2F321F324030055F2ED /* AppDelegate.m in Sources */ = {isa = PBXBuildFile; fileRef = 2D4AE2F221F324030055F2ED /* AppDelegate.m */; };
		2D7FFB1A21F324D700430961 /* Main.storyboard in Resources */ = {isa = PBXBuildFile; fileRef = 2D7FFB1921F324D700430961 /* Main.storyboard */; };
		2D7FFB2321F343CF00430961 /* LaunchScreen.storyboard in Resources */ = {isa = PBXBuildFile; fileRef = 2D7FFB2221F343CF00430961 /* LaunchScreen.storyboard */; };
		2D7FFB2721F34DF400430961 /* CZCarCell.xib in Resources */ = {isa = PBXBuildFile; fileRef = 2D7FFB2621F34DF400430961 /* CZCarCell.xib */; };
		2D7FFB2A21F3532700430961 /* CZCarCell.m in Sources */ = {isa = PBXBuildFile; fileRef = 2D7FFB2921F3532700430961 /* CZCarCell.m */; };
/* End PBXBuildFile section */

/* Begin PBXFileReference section */
		2D4AE2DC21F317380055F2ED /* Info.plist */ = {isa = PBXFileReference; fileEncoding = 4; lastKnownFileType = text.plist.xml; path = Info.plist; sourceTree = "<group>"; };
		2D4AE2DF21F31CAF0055F2ED /* CZCar.m */ = {isa = PBXFileReference; fileEncoding = 4; lastKnownFileType = sourcecode.c.objc; path = CZCar.m; sourceTree = "<group>"; };
		2D4AE2E021F31CAF0055F2ED /* CZCar.h */ = {isa = PBXFileReference; fileEncoding = 4; lastKnownFileType = sourcecode.c.h; path = CZCar.h; sourceTree = "<group>"; };
		2D4AE2E121F31CB00055F2ED /* CYGroup.h */ = {isa = PBXFileReference; fileEncoding = 4; lastKnownFileType = sourcecode.c.h; path = CYGroup.h; sourceTree = "<group>"; };
		2D4AE2E421F31CB10055F2ED /* CYGroup.m */ = {isa = PBXFileReference; fileEncoding = 4; lastKnownFileType = sourcecode.c.objc; path = CYGroup.m; sourceTree = "<group>"; };
		2D4AE2E821F31CE60055F2ED /* car.plist */ = {isa = PBXFileReference; fileEncoding = 4; lastKnownFileType = text.plist.xml; path = car.plist; sourceTree = "<group>"; };
		2D4AE2EA21F31D160055F2ED /* main.m */ = {isa = PBXFileReference; fileEncoding = 4; lastKnownFileType = sourcecode.c.objc; path = main.m; sourceTree = "<group>"; };
		2D4AE2EC21F31D6E0055F2ED /* Assets.xcassets */ = {isa = PBXFileReference; lastKnownFileType = folder.assetcatalog; path = Assets.xcassets; sourceTree = "<group>"; };
		2D4AE2EE21F31DCA0055F2ED /* ViewController.h */ = {isa = PBXFileReference; fileEncoding = 4; lastKnownFileType = sourcecode.c.h; path = ViewController.h; sourceTree = "<group>"; };
		2D4AE2EF21F31DCA0055F2ED /* ViewController.m */ = {isa = PBXFileReference; fileEncoding = 4; lastKnownFileType = sourcecode.c.objc; path = ViewController.m; sourceTree = "<group>"; };
		2D4AE2F121F323F90055F2ED /* AppDelegate.h */ = {isa = PBXFileReference; lastKnownFileType = sourcecode.c.h; path = AppDelegate.h; sourceTree = "<group>"; };
		2D4AE2F221F324030055F2ED /* AppDelegate.m */ = {isa = PBXFileReference; fileEncoding = 4; lastKnownFileType = sourcecode.c.objc; path = AppDelegate.m; sourceTree = "<group>"; };
		2D7FFB1921F324D700430961 /* Main.storyboard */ = {isa = PBXFileReference; fileEncoding = 4; lastKnownFileType = file.storyboard; path = Main.storyboard; sourceTree = "<group>"; };
		2D7FFB2221F343CF00430961 /* LaunchScreen.storyboard */ = {isa = PBXFileReference; fileEncoding = 4; lastKnownFileType = file.storyboard; path = LaunchScreen.storyboard; sourceTree = "<group>"; };
		2D7FFB2621F34DF400430961 /* CZCarCell.xib */ = {isa = PBXFileReference; lastKnownFileType = file.xib; path = CZCarCell.xib; sourceTree = "<group>"; };
		2D7FFB2821F3532700430961 /* CZCarCell.h */ = {isa = PBXFileReference; lastKnownFileType = sourcecode.c.h; path = CZCarCell.h; sourceTree = "<group>"; };
		2D7FFB2921F3532700430961 /* CZCarCell.m */ = {isa = PBXFileReference; lastKnownFileType = sourcecode.c.objc; path = CZCarCell.m; sourceTree = "<group>"; };
		2D9005B121F3034100C21EF9 /* dailypractice-ios.app */ = {isa = PBXFileReference; explicitFileType = wrapper.application; includeInIndex = 0; path = "dailypractice-ios.app"; sourceTree = BUILT_PRODUCTS_DIR; };
/* End PBXFileReference section */

/* Begin PBXFrameworksBuildPhase section */
		2D9005AE21F3034100C21EF9 /* Frameworks */ = {
			isa = PBXFrameworksBuildPhase;
			buildActionMask = 2147483647;
			files = (
			);
			runOnlyForDeploymentPostprocessing = 0;
		};
/* End PBXFrameworksBuildPhase section */

/* Begin PBXGroup section */
		2D7FFB1E21F3261400430961 /* controller */ = {
			isa = PBXGroup;
			children = (
				2D4AE2EE21F31DCA0055F2ED /* ViewController.h */,
				2D4AE2EF21F31DCA0055F2ED /* ViewController.m */,
			);
			path = controller;
			sourceTree = "<group>";
		};
		2D7FFB1F21F326B800430961 /* model */ = {
			isa = PBXGroup;
			children = (
				2D4AE2E121F31CB00055F2ED /* CYGroup.h */,
				2D4AE2E421F31CB10055F2ED /* CYGroup.m */,
				2D4AE2E021F31CAF0055F2ED /* CZCar.h */,
				2D4AE2DF21F31CAF0055F2ED /* CZCar.m */,
			);
			path = model;
			sourceTree = "<group>";
		};
		2D7FFB2121F3432D00430961 /* view */ = {
			isa = PBXGroup;
			children = (
				2D7FFB2221F343CF00430961 /* LaunchScreen.storyboard */,
				2D7FFB1921F324D700430961 /* Main.storyboard */,
				2D7FFB2621F34DF400430961 /* CZCarCell.xib */,
				2D7FFB2821F3532700430961 /* CZCarCell.h */,
				2D7FFB2921F3532700430961 /* CZCarCell.m */,
			);
			path = view;
			sourceTree = "<group>";
		};
		2D7FFB2421F3445D00430961 /* others */ = {
			isa = PBXGroup;
			children = (
			);
			path = others;
			sourceTree = "<group>";
		};
		2D7FFB2521F344D900430961 /* Supporting Files */ = {
			isa = PBXGroup;
			children = (
				2D4AE2EA21F31D160055F2ED /* main.m */,
				2D4AE2EC21F31D6E0055F2ED /* Assets.xcassets */,
				2D4AE2E821F31CE60055F2ED /* car.plist */,
			);
			path = "Supporting Files";
			sourceTree = "<group>";
		};
		2D9005A821F3034100C21EF9 = {
			isa = PBXGroup;
			children = (
				2D9005B321F3034100C21EF9 /* dailypractice-ios */,
				2D9005B221F3034100C21EF9 /* Products */,
			);
			sourceTree = "<group>";
		};
		2D9005B221F3034100C21EF9 /* Products */ = {
			isa = PBXGroup;
			children = (
				2D9005B121F3034100C21EF9 /* dailypractice-ios.app */,
			);
			name = Products;
			sourceTree = "<group>";
		};
		2D9005B321F3034100C21EF9 /* dailypractice-ios */ = {
			isa = PBXGroup;
			children = (
				2D4AE2F121F323F90055F2ED /* AppDelegate.h */,
				2D4AE2F221F324030055F2ED /* AppDelegate.m */,
				2D4AE2DC21F317380055F2ED /* Info.plist */,
				2D7FFB2521F344D900430961 /* Supporting Files */,
				2D7FFB2421F3445D00430961 /* others */,
				2D7FFB2121F3432D00430961 /* view */,
				2D7FFB1F21F326B800430961 /* model */,
				2D7FFB1E21F3261400430961 /* controller */,
			);
			path = "dailypractice-ios";
			sourceTree = "<group>";
		};
/* End PBXGroup section */

/* Begin PBXNativeTarget section */
		2D9005B021F3034100C21EF9 /* dailypractice-ios */ = {
			isa = PBXNativeTarget;
			buildConfigurationList = 2D9005C721F3034300C21EF9 /* Build configuration list for PBXNativeTarget "dailypractice-ios" */;
			buildPhases = (
				2D9005AD21F3034100C21EF9 /* Sources */,
				2D9005AE21F3034100C21EF9 /* Frameworks */,
				2D9005AF21F3034100C21EF9 /* Resources */,
			);
			buildRules = (
			);
			dependencies = (
			);
			name = "dailypractice-ios";
			productName = "dailypractice-ios";
			productReference = 2D9005B121F3034100C21EF9 /* dailypractice-ios.app */;
			productType = "com.apple.product-type.application";
		};
/* End PBXNativeTarget section */

/* Begin PBXProject section */
		2D9005A921F3034100C21EF9 /* Project object */ = {
			isa = PBXProject;
			attributes = {
				LastUpgradeCheck = 0940;
				ORGANIZATIONNAME = "曹延昌";
				TargetAttributes = {
					2D9005B021F3034100C21EF9 = {
						CreatedOnToolsVersion = 9.4;
					};
				};
			};
			buildConfigurationList = 2D9005AC21F3034100C21EF9 /* Build configuration list for PBXProject "dailypractice-ios" */;
			compatibilityVersion = "Xcode 9.3";
			developmentRegion = en;
			hasScannedForEncodings = 0;
			knownRegions = (
				en,
				Base,
			);
			mainGroup = 2D9005A821F3034100C21EF9;
			productRefGroup = 2D9005B221F3034100C21EF9 /* Products */;
			projectDirPath = "";
			projectRoot = "";
			targets = (
				2D9005B021F3034100C21EF9 /* dailypractice-ios */,
			);
		};
/* End PBXProject section */

/* Begin PBXResourcesBuildPhase section */
		2D9005AF21F3034100C21EF9 /* Resources */ = {
			isa = PBXResourcesBuildPhase;
			buildActionMask = 2147483647;
			files = (
				2D4AE2E921F31CE60055F2ED /* car.plist in Resources */,
				2D4AE2DD21F317380055F2ED /* Info.plist in Resources */,
				2D4AE2ED21F31D6E0055F2ED /* Assets.xcassets in Resources */,
				2D7FFB2321F343CF00430961 /* LaunchScreen.storyboard in Resources */,
				2D7FFB1A21F324D700430961 /* Main.storyboard in Resources */,
				2D7FFB2721F34DF400430961 /* CZCarCell.xib in Resources */,
			);
			runOnlyForDeploymentPostprocessing = 0;
		};
/* End PBXResourcesBuildPhase section */

/* Begin PBXSourcesBuildPhase section */
		2D9005AD21F3034100C21EF9 /* Sources */ = {
			isa = PBXSourcesBuildPhase;
			buildActionMask = 2147483647;
			files = (
				2D4AE2F021F31DCA0055F2ED /* ViewController.m in Sources */,
				2D7FFB2A21F3532700430961 /* CZCarCell.m in Sources */,
				2D4AE2E521F31CB10055F2ED /* CZCar.m in Sources */,
				2D4AE2F321F324030055F2ED /* AppDelegate.m in Sources */,
				2D4AE2E721F31CB10055F2ED /* CYGroup.m in Sources */,
				2D4AE2EB21F31D160055F2ED /* main.m in Sources */,
			);
			runOnlyForDeploymentPostprocessing = 0;
		};
/* End PBXSourcesBuildPhase section */

/* Begin XCBuildConfiguration section */
		2D9005C521F3034300C21EF9 /* Debug */ = {
			isa = XCBuildConfiguration;
			buildSettings = {
				ALWAYS_SEARCH_USER_PATHS = NO;
				CLANG_ANALYZER_NONNULL = YES;
				CLANG_ANALYZER_NUMBER_OBJECT_CONVERSION = YES_AGGRESSIVE;
				CLANG_CXX_LANGUAGE_STANDARD = "gnu++14";
				CLANG_CXX_LIBRARY = "libc++";
				CLANG_ENABLE_MODULES = YES;
				CLANG_ENABLE_OBJC_ARC = YES;
				CLANG_ENABLE_OBJC_WEAK = YES;
				CLANG_WARN_BLOCK_CAPTURE_AUTORELEASING = YES;
				CLANG_WARN_BOOL_CONVERSION = YES;
				CLANG_WARN_COMMA = YES;
				CLANG_WARN_CONSTANT_CONVERSION = YES;
				CLANG_WARN_DEPRECATED_OBJC_IMPLEMENTATIONS = YES;
				CLANG_WARN_DIRECT_OBJC_ISA_USAGE = YES_ERROR;
				CLANG_WARN_DOCUMENTATION_COMMENTS = YES;
				CLANG_WARN_EMPTY_BODY = YES;
				CLANG_WARN_ENUM_CONVERSION = YES;
				CLANG_WARN_INFINITE_RECURSION = YES;
				CLANG_WARN_INT_CONVERSION = YES;
				CLANG_WARN_NON_LITERAL_NULL_CONVERSION = YES;
				CLANG_WARN_OBJC_IMPLICIT_RETAIN_SELF = YES;
				CLANG_WARN_OBJC_LITERAL_CONVERSION = YES;
				CLANG_WARN_OBJC_ROOT_CLASS = YES_ERROR;
				CLANG_WARN_RANGE_LOOP_ANALYSIS = YES;
				CLANG_WARN_STRICT_PROTOTYPES = YES;
				CLANG_WARN_SUSPICIOUS_MOVE = YES;
				CLANG_WARN_UNGUARDED_AVAILABILITY = YES_AGGRESSIVE;
				CLANG_WARN_UNREACHABLE_CODE = YES;
				CLANG_WARN__DUPLICATE_METHOD_MATCH = YES;
				CODE_SIGN_IDENTITY = "iPhone Developer";
				COPY_PHASE_STRIP = NO;
				DEBUG_INFORMATION_FORMAT = dwarf;
				ENABLE_STRICT_OBJC_MSGSEND = YES;
				ENABLE_TESTABILITY = YES;
				GCC_C_LANGUAGE_STANDARD = gnu11;
				GCC_DYNAMIC_NO_PIC = NO;
				GCC_NO_COMMON_BLOCKS = YES;
				GCC_OPTIMIZATION_LEVEL = 0;
				GCC_PREPROCESSOR_DEFINITIONS = (
					"DEBUG=1",
					"$(inherited)",
				);
				GCC_WARN_64_TO_32_BIT_CONVERSION = YES;
				GCC_WARN_ABOUT_RETURN_TYPE = YES_ERROR;
				GCC_WARN_UNDECLARED_SELECTOR = YES;
				GCC_WARN_UNINITIALIZED_AUTOS = YES_AGGRESSIVE;
				GCC_WARN_UNUSED_FUNCTION = YES;
				GCC_WARN_UNUSED_VARIABLE = YES;
				IPHONEOS_DEPLOYMENT_TARGET = 11.4;
				MTL_ENABLE_DEBUG_INFO = YES;
				ONLY_ACTIVE_ARCH = YES;
				SDKROOT = iphoneos;
			};
			name = Debug;
		};
		2D9005C621F3034300C21EF9 /* Release */ = {
			isa = XCBuildConfiguration;
			buildSettings = {
				ALWAYS_SEARCH_USER_PATHS = NO;
				CLANG_ANALYZER_NONNULL = YES;
				CLANG_ANALYZER_NUMBER_OBJECT_CONVERSION = YES_AGGRESSIVE;
				CLANG_CXX_LANGUAGE_STANDARD = "gnu++14";
				CLANG_CXX_LIBRARY = "libc++";
				CLANG_ENABLE_MODULES = YES;
				CLANG_ENABLE_OBJC_ARC = YES;
				CLANG_ENABLE_OBJC_WEAK = YES;
				CLANG_WARN_BLOCK_CAPTURE_AUTORELEASING = YES;
				CLANG_WARN_BOOL_CONVERSION = YES;
				CLANG_WARN_COMMA = YES;
				CLANG_WARN_CONSTANT_CONVERSION = YES;
				CLANG_WARN_DEPRECATED_OBJC_IMPLEMENTATIONS = YES;
				CLANG_WARN_DIRECT_OBJC_ISA_USAGE = YES_ERROR;
				CLANG_WARN_DOCUMENTATION_COMMENTS = YES;
				CLANG_WARN_EMPTY_BODY = YES;
				CLANG_WARN_ENUM_CONVERSION = YES;
				CLANG_WARN_INFINITE_RECURSION = YES;
				CLANG_WARN_INT_CONVERSION = YES;
				CLANG_WARN_NON_LITERAL_NULL_CONVERSION = YES;
				CLANG_WARN_OBJC_IMPLICIT_RETAIN_SELF = YES;
				CLANG_WARN_OBJC_LITERAL_CONVERSION = YES;
				CLANG_WARN_OBJC_ROOT_CLASS = YES_ERROR;
				CLANG_WARN_RANGE_LOOP_ANALYSIS = YES;
				CLANG_WARN_STRICT_PROTOTYPES = YES;
				CLANG_WARN_SUSPICIOUS_MOVE = YES;
				CLANG_WARN_UNGUARDED_AVAILABILITY = YES_AGGRESSIVE;
				CLANG_WARN_UNREACHABLE_CODE = YES;
				CLANG_WARN__DUPLICATE_METHOD_MATCH = YES;
				CODE_SIGN_IDENTITY = "iPhone Developer";
				COPY_PHASE_STRIP = NO;
				DEBUG_INFORMATION_FORMAT = "dwarf-with-dsym";
				ENABLE_NS_ASSERTIONS = NO;
				ENABLE_STRICT_OBJC_MSGSEND = YES;
				GCC_C_LANGUAGE_STANDARD = gnu11;
				GCC_NO_COMMON_BLOCKS = YES;
				GCC_WARN_64_TO_32_BIT_CONVERSION = YES;
				GCC_WARN_ABOUT_RETURN_TYPE = YES_ERROR;
				GCC_WARN_UNDECLARED_SELECTOR = YES;
				GCC_WARN_UNINITIALIZED_AUTOS = YES_AGGRESSIVE;
				GCC_WARN_UNUSED_FUNCTION = YES;
				GCC_WARN_UNUSED_VARIABLE = YES;
				IPHONEOS_DEPLOYMENT_TARGET = 11.4;
				MTL_ENABLE_DEBUG_INFO = NO;
				SDKROOT = iphoneos;
				VALIDATE_PRODUCT = YES;
			};
			name = Release;
		};
		2D9005C821F3034300C21EF9 /* Debug */ = {
			isa = XCBuildConfiguration;
			buildSettings = {
				ASSETCATALOG_COMPILER_APPICON_NAME = AppIcon;
				CODE_SIGN_STYLE = Automatic;
				INFOPLIST_FILE = "dailypractice-ios/Info.plist";
				LD_RUNPATH_SEARCH_PATHS = (
					"$(inherited)",
					"@executable_path/Frameworks",
				);
				PRODUCT_BUNDLE_IDENTIFIER = "com.cyc.dailypractice-ios";
				PRODUCT_NAME = "$(TARGET_NAME)";
				TARGETED_DEVICE_FAMILY = 1;
			};
			name = Debug;
		};
		2D9005C921F3034300C21EF9 /* Release */ = {
			isa = XCBuildConfiguration;
			buildSettings = {
				ASSETCATALOG_COMPILER_APPICON_NAME = AppIcon;
				CODE_SIGN_STYLE = Automatic;
				INFOPLIST_FILE = "dailypractice-ios/Info.plist";
				LD_RUNPATH_SEARCH_PATHS = (
					"$(inherited)",
					"@executable_path/Frameworks",
				);
				PRODUCT_BUNDLE_IDENTIFIER = "com.cyc.dailypractice-ios";
				PRODUCT_NAME = "$(TARGET_NAME)";
				TARGETED_DEVICE_FAMILY = 1;
			};
			name = Release;
		};
/* End XCBuildConfiguration section */

/* Begin XCConfigurationList section */
		2D9005AC21F3034100C21EF9 /* Build configuration list for PBXProject "dailypractice-ios" */ = {
			isa = XCConfigurationList;
			buildConfigurations = (
				2D9005C521F3034300C21EF9 /* Debug */,
				2D9005C621F3034300C21EF9 /* Release */,
			);
			defaultConfigurationIsVisible = 0;
			defaultConfigurationName = Release;
		};
		2D9005C721F3034300C21EF9 /* Build configuration list for PBXNativeTarget "dailypractice-ios" */ = {
			isa = XCConfigurationList;
			buildConfigurations = (
				2D9005C821F3034300C21EF9 /* Debug */,
				2D9005C921F3034300C21EF9 /* Release */,
			);
			defaultConfigurationIsVisible = 0;
			defaultConfigurationName = Release;
		};
/* End XCConfigurationList section */
	};
	rootObject = 2D9005A921F3034100C21EF9 /* Project object */;
}
